github.com/gohugoio/hugo-mod-jslibs-dist/popperjs/v2 v2.21100.20000 h1:GZxx4Hc+yb0/t3/rau1j8XlAxLE4CyXns2fqQbyqWfs=
github.com/gohugoio/hugo-mod-jslibs-dist/popperjs/v2 v2.21100.20000/go.mod h1:mFberT6ZtcchrsDtfvJM7aAH2bDKLdOnruUHl0hlapI=
github.com/hugolify/hugolify-theme v1.7.32 h1:tklfA0z/GHRjEWltdajrYPJh7aTLtwwQvbiZF61eFk4=
github.com/hugolify/hugolify-theme v1.7.32/go.mod h1:yDbH6g0BJAqjueFrZ13u2lC9gWsYuKDFjQirn805zvo=
github.com/hugolify/hugolify-theme-casestudies v1.0.10 h1:JNJUzR6k4DXsfmSH51Z0qjBF1TWq0Pvisw/b5fNUWt0=
github.com/hugolify/hugolify-theme-casestudies v1.0.10/go.mod h1:qq89c1Emj7lKoWho23RA9X3rPq+8H96mfO8KI5Twr7A=
github.com/hugolify/hugolify-theme-services v0.0.0-20231020114430-e52c0b58f1a0 h1:bSPPEfJvOp7bBkAHP8X0QpchmtsKuU5u8NB8gEFoSSg=
github.com/hugolify/hugolify-theme-services v0.0.0-20231020114430-e52c0b58f1a0/go.mod h1:NO0MKshZ6qtf8NIfwARu9Tdg2UWtYB3f3y8bw2t2wZc=
github.com/twbs/bootstrap v5.3.2+incompatible h1:tuiO5acc6xnZUR77Sbi5aKWXxjYxbmsSbJwYrhAKoQQ=
github.com/twbs/bootstrap v5.3.2+incompatible/go.mod h1:fZTSrkpSf0/HkL0IIJzvVspTt1r9zuf7XlZau8kpcY0=
